
Microsoft Visual Studio Solution File, Format Version 12.00
# Visual Studio Version 17
VisualStudioVersion = 17.13.35825.156
MinimumVisualStudioVersion = 10.0.40219.1
Project("{8BC9CEB8-8B4A-11D0-8D11-00A0C91BC942}") = "Task1", "Task1\Task1.vcxproj", "{DDFBC6E9-3AE0-4BB2-AC44-961E96E5465A}"
EndProject
Project("{8BC9CEB8-8B4A-11D0-8D11-00A0C91BC942}") = "Task2", "Task2\Task2.vcxproj", "{DE1DC455-3EFB-4382-B199-3CDE1EF79B5A}"
EndProject
Project("{8BC9CEB8-8B4A-11D0-8D11-00A0C91BC942}") = "Task3", "Task3\Task3.vcxproj", "{FE15EAA5-9FD1-41E0-9517-B3AA0AA8D087}"
EndProject
Global
	GlobalSection(SolutionConfigurationPlatforms) = preSolution
		Debug|x64 = Debug|x64
		Debug|x86 = Debug|x86
		Release|x64 = Release|x64
		Release|x86 = Release|x86
	EndGlobalSection
	GlobalSection(ProjectConfigurationPlatforms) = postSolution
		{DDFBC6E9-3AE0-4BB2-AC44-961E96E5465A}.Debug|x64.ActiveCfg = Debug|x64
		{DDFBC6E9-3AE0-4BB2-AC44-961E96E5465A}.Debug|x64.Build.0 = Debug|x64
		{DDFBC6E9-3AE0-4BB2-AC44-961E96E5465A}.Debug|x86.ActiveCfg = Debug|Win32
		{DDFBC6E9-3AE0-4BB2-AC44-961E96E5465A}.Debug|x86.Build.0 = Debug|Win32
		{DDFBC6E9-3AE0-4BB2-AC44-961E96E5465A}.Release|x64.ActiveCfg = Release|x64
		{DDFBC6E9-3AE0-4BB2-AC44-961E96E5465A}.Release|x64.Build.0 = Release|x64
		{DDFBC6E9-3AE0-4BB2-AC44-961E96E5465A}.Release|x86.ActiveCfg = Release|Win32
		{DDFBC6E9-3AE0-4BB2-AC44-961E96E5465A}.Release|x86.Build.0 = Release|Win32
		{DE1DC455-3EFB-4382-B199-3CDE1EF79B5A}.Debug|x64.ActiveCfg = Debug|x64
		{DE1DC455-3EFB-4382-B199-3CDE1EF79B5A}.Debug|x64.Build.0 = Debug|x64
		{DE1DC455-3EFB-4382-B199-3CDE1EF79B5A}.Debug|x86.ActiveCfg = Debug|Win32
		{DE1DC455-3EFB-4382-B199-3CDE1EF79B5A}.Debug|x86.Build.0 = Debug|Win32
		{DE1DC455-3EFB-4382-B199-3CDE1EF79B5A}.Release|x64.ActiveCfg = Release|x64
		{DE1DC455-3EFB-4382-B199-3CDE1EF79B5A}.Release|x64.Build.0 = Release|x64
		{DE1DC455-3EFB-4382-B199-3CDE1EF79B5A}.Release|x86.ActiveCfg = Release|Win32
		{DE1DC455-3EFB-4382-B199-3CDE1EF79B5A}.Release|x86.Build.0 = Release|Win32
		{FE15EAA5-9FD1-41E0-9517-B3AA0AA8D087}.Debug|x64.ActiveCfg = Debug|x64
		{FE15EAA5-9FD1-41E0-9517-B3AA0AA8D087}.Debug|x64.Build.0 = Debug|x64
		{FE15EAA5-9FD1-41E0-9517-B3AA0AA8D087}.Debug|x86.ActiveCfg = Debug|Win32
		{FE15EAA5-9FD1-41E0-9517-B3AA0AA8D087}.Debug|x86.Build.0 = Debug|Win32
		{FE15EAA5-9FD1-41E0-9517-B3AA0AA8D087}.Release|x64.ActiveCfg = Release|x64
		{FE15EAA5-9FD1-41E0-9517-B3AA0AA8D087}.Release|x64.Build.0 = Release|x64
		{FE15EAA5-9FD1-41E0-9517-B3AA0AA8D087}.Release|x86.ActiveCfg = Release|Win32
		{FE15EAA5-9FD1-41E0-9517-B3AA0AA8D087}.Release|x86.Build.0 = Release|Win32
	EndGlobalSection
	GlobalSection(SolutionProperties) = preSolution
		HideSolutionNode = FALSE
	EndGlobalSection
	GlobalSection(ExtensibilityGlobals) = postSolution
		SolutionGuid = {C80E0E7E-5F34-4592-B0C5-C8EACA029CA9}
	EndGlobalSection
EndGlobal
